// !$*UTF8*$!
{
	archiveVersion = 1;
	classes = {
	};
	objectVersion = 46;
	objects = {

/* Begin PBXBuildFile section */
		6311472C186E6BFE003A3E02 /* songcell.xib in Resources */ = {isa = PBXBuildFile; fileRef = 6311472B186E6BFE003A3E02 /* songcell.xib */; };
		6311472F186E6C40003A3E02 /* SongCell.m in Sources */ = {isa = PBXBuildFile; fileRef = 6311472E186E6C40003A3E02 /* SongCell.m */; };
		6387523C185E51A30057AB92 /* Foundation.framework in Frameworks */ = {isa = PBXBuildFile; fileRef = 6387523B185E51A30057AB92 /* Foundation.framework */; };
		6387523E185E51A30057AB92 /* CoreGraphics.framework in Frameworks */ = {isa = PBXBuildFile; fileRef = 6387523D185E51A30057AB92 /* CoreGraphics.framework */; };
		63875240185E51A30057AB92 /* UIKit.framework in Frameworks */ = {isa = PBXBuildFile; fileRef = 6387523F185E51A30057AB92 /* UIKit.framework */; };
		63875246185E51A30057AB92 /* InfoPlist.strings in Resources */ = {isa = PBXBuildFile; fileRef = 63875244185E51A30057AB92 /* InfoPlist.strings */; };
		63875248185E51A30057AB92 /* main.m in Sources */ = {isa = PBXBuildFile; fileRef = 63875247185E51A30057AB92 /* main.m */; };
		6387524C185E51A30057AB92 /* SongJockeyAppDelegate.m in Sources */ = {isa = PBXBuildFile; fileRef = 6387524B185E51A30057AB92 /* SongJockeyAppDelegate.m */; };
		6387524F185E51A30057AB92 /* Main.storyboard in Resources */ = {isa = PBXBuildFile; fileRef = 6387524D185E51A30057AB92 /* Main.storyboard */; };
		63875252185E51A30057AB92 /* SongJockeyViewController.m in Sources */ = {isa = PBXBuildFile; fileRef = 63875251185E51A30057AB92 /* SongJockeyViewController.m */; };
		63875254185E51A30057AB92 /* Images.xcassets in Resources */ = {isa = PBXBuildFile; fileRef = 63875253185E51A30057AB92 /* Images.xcassets */; };
		6387525B185E51A30057AB92 /* XCTest.framework in Frameworks */ = {isa = PBXBuildFile; fileRef = 6387525A185E51A30057AB92 /* XCTest.framework */; };
		6387525C185E51A30057AB92 /* Foundation.framework in Frameworks */ = {isa = PBXBuildFile; fileRef = 6387523B185E51A30057AB92 /* Foundation.framework */; };
		6387525D185E51A30057AB92 /* UIKit.framework in Frameworks */ = {isa = PBXBuildFile; fileRef = 6387523F185E51A30057AB92 /* UIKit.framework */; };
		63875265185E51A30057AB92 /* InfoPlist.strings in Resources */ = {isa = PBXBuildFile; fileRef = 63875263185E51A30057AB92 /* InfoPlist.strings */; };
		63875267185E51A30057AB92 /* SongJockeyTests.m in Sources */ = {isa = PBXBuildFile; fileRef = 63875266185E51A30057AB92 /* SongJockeyTests.m */; };
		63B160B2186F9B2600A2EF54 /* AVFoundation.framework in Frameworks */ = {isa = PBXBuildFile; fileRef = 63B160B1186F9B2600A2EF54 /* AVFoundation.framework */; };
		63B160B5186F9EED00A2EF54 /* SongJockeyPlayer.m in Sources */ = {isa = PBXBuildFile; fileRef = 63B160B4186F9EED00A2EF54 /* SongJockeyPlayer.m */; };
		63B160BB188C1D0800A2EF54 /* SJConstants.m in Sources */ = {isa = PBXBuildFile; fileRef = 63B160BA188C1D0800A2EF54 /* SJConstants.m */; };
		63B160BE188C1EA700A2EF54 /* SJPlaylists.m in Sources */ = {isa = PBXBuildFile; fileRef = 63B160BD188C1EA700A2EF54 /* SJPlaylists.m */; };
		63B160C1188C358000A2EF54 /* PlaylistChooserViewController.m in Sources */ = {isa = PBXBuildFile; fileRef = 63B160C0188C358000A2EF54 /* PlaylistChooserViewController.m */; };
		63B160C5188D9CC100A2EF54 /* SongJockeySong.m in Sources */ = {isa = PBXBuildFile; fileRef = 63B160C3188D9CC100A2EF54 /* SongJockeySong.m */; };
/* End PBXBuildFile section */

/* Begin PBXContainerItemProxy section */
		6387525E185E51A30057AB92 /* PBXContainerItemProxy */ = {
			isa = PBXContainerItemProxy;
			containerPortal = 63875230185E51A30057AB92 /* Project object */;
			proxyType = 1;
			remoteGlobalIDString = 63875237185E51A30057AB92;
			remoteInfo = SongJockey;
		};
/* End PBXContainerItemProxy section */

/* Begin PBXFileReference section */
		6311472B186E6BFE003A3E02 /* songcell.xib */ = {isa = PBXFileReference; fileEncoding = 4; lastKnownFileType = file.xib; path = songcell.xib; sourceTree = "<group>"; };
		6311472D186E6C40003A3E02 /* SongCell.h */ = {isa = PBXFileReference; fileEncoding = 4; lastKnownFileType = sourcecode.c.h; name = SongCell.h; path = SongJockey/SongCell.h; sourceTree = "<group>"; };
		6311472E186E6C40003A3E02 /* SongCell.m */ = {isa = PBXFileReference; fileEncoding = 4; lastKnownFileType = sourcecode.c.objc; name = SongCell.m; path = SongJockey/SongCell.m; sourceTree = "<group>"; };
		63875238185E51A30057AB92 /* SongJockey.app */ = {isa = PBXFileReference; explicitFileType = wrapper.application; includeInIndex = 0; path = SongJockey.app; sourceTree = BUILT_PRODUCTS_DIR; };
		6387523B185E51A30057AB92 /* Foundation.framework */ = {isa = PBXFileReference; lastKnownFileType = wrapper.framework; name = Foundation.framework; path = System/Library/Frameworks/Foundation.framework; sourceTree = SDKROOT; };
		6387523D185E51A30057AB92 /* CoreGraphics.framework */ = {isa = PBXFileReference; lastKnownFileType = wrapper.framework; name = CoreGraphics.framework; path = System/Library/Frameworks/CoreGraphics.framework; sourceTree = SDKROOT; };
		6387523F185E51A30057AB92 /* UIKit.framework */ = {isa = PBXFileReference; lastKnownFileType = wrapper.framework; name = UIKit.framework; path = System/Library/Frameworks/UIKit.framework; sourceTree = SDKROOT; };
		63875243185E51A30057AB92 /* SongJockey-Info.plist */ = {isa = PBXFileReference; lastKnownFileType = text.plist.xml; path = "SongJockey-Info.plist"; sourceTree = "<group>"; };
		63875245185E51A30057AB92 /* en */ = {isa = PBXFileReference; lastKnownFileType = text.plist.strings; name = en; path = en.lproj/InfoPlist.strings; sourceTree = "<group>"; };
		63875247185E51A30057AB92 /* main.m */ = {isa = PBXFileReference; lastKnownFileType = sourcecode.c.objc; path = main.m; sourceTree = "<group>"; };
		63875249185E51A30057AB92 /* SongJockey-Prefix.pch */ = {isa = PBXFileReference; lastKnownFileType = sourcecode.c.h; path = "SongJockey-Prefix.pch"; sourceTree = "<group>"; };
		6387524A185E51A30057AB92 /* SongJockeyAppDelegate.h */ = {isa = PBXFileReference; lastKnownFileType = sourcecode.c.h; path = SongJockeyAppDelegate.h; sourceTree = "<group>"; };
		6387524B185E51A30057AB92 /* SongJockeyAppDelegate.m */ = {isa = PBXFileReference; lastKnownFileType = sourcecode.c.objc; path = SongJockeyAppDelegate.m; sourceTree = "<group>"; };
		6387524E185E51A30057AB92 /* Base */ = {isa = PBXFileReference; lastKnownFileType = file.storyboard; name = Base; path = Base.lproj/Main.storyboard; sourceTree = "<group>"; };
		63875250185E51A30057AB92 /* SongJockeyViewController.h */ = {isa = PBXFileReference; lastKnownFileType = sourcecode.c.h; path = SongJockeyViewController.h; sourceTree = "<group>"; };
		63875251185E51A30057AB92 /* SongJockeyViewController.m */ = {isa = PBXFileReference; lastKnownFileType = sourcecode.c.objc; path = SongJockeyViewController.m; sourceTree = "<group>"; };
		63875253185E51A30057AB92 /* Images.xcassets */ = {isa = PBXFileReference; lastKnownFileType = folder.assetcatalog; path = Images.xcassets; sourceTree = "<group>"; };
		63875259185E51A30057AB92 /* SongJockeyTests.xctest */ = {isa = PBXFileReference; explicitFileType = wrapper.cfbundle; includeInIndex = 0; path = SongJockeyTests.xctest; sourceTree = BUILT_PRODUCTS_DIR; };
		6387525A185E51A30057AB92 /* XCTest.framework */ = {isa = PBXFileReference; lastKnownFileType = wrapper.framework; name = XCTest.framework; path = Library/Frameworks/XCTest.framework; sourceTree = DEVELOPER_DIR; };
		63875262185E51A30057AB92 /* SongJockeyTests-Info.plist */ = {isa = PBXFileReference; lastKnownFileType = text.plist.xml; path = "SongJockeyTests-Info.plist"; sourceTree = "<group>"; };
		63875264185E51A30057AB92 /* en */ = {isa = PBXFileReference; lastKnownFileType = text.plist.strings; name = en; path = en.lproj/InfoPlist.strings; sourceTree = "<group>"; };
		63875266185E51A30057AB92 /* SongJockeyTests.m */ = {isa = PBXFileReference; lastKnownFileType = sourcecode.c.objc; path = SongJockeyTests.m; sourceTree = "<group>"; };
		63B160B1186F9B2600A2EF54 /* AVFoundation.framework */ = {isa = PBXFileReference; lastKnownFileType = wrapper.framework; name = AVFoundation.framework; path = System/Library/Frameworks/AVFoundation.framework; sourceTree = SDKROOT; };
		63B160B3186F9EED00A2EF54 /* SongJockeyPlayer.h */ = {isa = PBXFileReference; fileEncoding = 4; lastKnownFileType = sourcecode.c.h; name = SongJockeyPlayer.h; path = SongJockey/SongJockeyPlayer.h; sourceTree = "<group>"; };
		63B160B4186F9EED00A2EF54 /* SongJockeyPlayer.m */ = {isa = PBXFileReference; fileEncoding = 4; lastKnownFileType = sourcecode.c.objc; name = SongJockeyPlayer.m; path = SongJockey/SongJockeyPlayer.m; sourceTree = "<group>"; };
		63B160B9188C1D0800A2EF54 /* SJConstants.h */ = {isa = PBXFileReference; fileEncoding = 4; lastKnownFileType = sourcecode.c.h; name = SJConstants.h; path = SongJockey/SJConstants.h; sourceTree = "<group>"; };
		63B160BA188C1D0800A2EF54 /* SJConstants.m */ = {isa = PBXFileReference; fileEncoding = 4; lastKnownFileType = sourcecode.c.objc; name = SJConstants.m; path = SongJockey/SJConstants.m; sourceTree = "<group>"; };
		63B160BC188C1EA700A2EF54 /* SJPlaylists.h */ = {isa = PBXFileReference; fileEncoding = 4; lastKnownFileType = sourcecode.c.h; name = SJPlaylists.h; path = SongJockey/SJPlaylists.h; sourceTree = "<group>"; };
		63B160BD188C1EA700A2EF54 /* SJPlaylists.m */ = {isa = PBXFileReference; fileEncoding = 4; lastKnownFileType = sourcecode.c.objc; name = SJPlaylists.m; path = SongJockey/SJPlaylists.m; sourceTree = "<group>"; };
		63B160BF188C358000A2EF54 /* PlaylistChooserViewController.h */ = {isa = PBXFileReference; fileEncoding = 4; lastKnownFileType = sourcecode.c.h; name = PlaylistChooserViewController.h; path = SongJockey/PlaylistChooserViewController.h; sourceTree = "<group>"; };
		63B160C0188C358000A2EF54 /* PlaylistChooserViewController.m */ = {isa = PBXFileReference; fileEncoding = 4; lastKnownFileType = sourcecode.c.objc; name = PlaylistChooserViewController.m; path = SongJockey/PlaylistChooserViewController.m; sourceTree = "<group>"; };
		63B160C2188C380300A2EF54 /* OptionDelegate.h */ = {isa = PBXFileReference; lastKnownFileType = sourcecode.c.h; path = OptionDelegate.h; sourceTree = "<group>"; };
		63B160C3188D9CC100A2EF54 /* SongJockeySong.m */ = {isa = PBXFileReference; fileEncoding = 4; lastKnownFileType = sourcecode.c.objc; name = SongJockeySong.m; path = SongJockey/SongJockeySong.m; sourceTree = "<group>"; };
		63B160C4188D9CC100A2EF54 /* SongJockeySong.h */ = {isa = PBXFileReference; fileEncoding = 4; lastKnownFileType = sourcecode.c.h; name = SongJockeySong.h; path = SongJockey/SongJockeySong.h; sourceTree = "<group>"; };
/* End PBXFileReference section */

/* Begin PBXFrameworksBuildPhase section */
		63875235185E51A30057AB92 /* Frameworks */ = {
			isa = PBXFrameworksBuildPhase;
			buildActionMask = 2147483647;
			files = (
				6387523E185E51A30057AB92 /* CoreGraphics.framework in Frameworks */,
				63875240185E51A30057AB92 /* UIKit.framework in Frameworks */,
				6387523C185E51A30057AB92 /* Foundation.framework in Frameworks */,
				63B160B2186F9B2600A2EF54 /* AVFoundation.framework in Frameworks */,
			);
			runOnlyForDeploymentPostprocessing = 0;
		};
		63875256185E51A30057AB92 /* Frameworks */ = {
			isa = PBXFrameworksBuildPhase;
			buildActionMask = 2147483647;
			files = (
				6387525B185E51A30057AB92 /* XCTest.framework in Frameworks */,
				6387525D185E51A30057AB92 /* UIKit.framework in Frameworks */,
				6387525C185E51A30057AB92 /* Foundation.framework in Frameworks */,
			);
			runOnlyForDeploymentPostprocessing = 0;
		};
/* End PBXFrameworksBuildPhase section */

/* Begin PBXGroup section */
		6387522F185E51A30057AB92 = {
			isa = PBXGroup;
			children = (
				63B160C6188D9CD900A2EF54 /* SJPlayer */,
				63B160BF188C358000A2EF54 /* PlaylistChooserViewController.h */,
				63B160C0188C358000A2EF54 /* PlaylistChooserViewController.m */,
				63B160C2188C380300A2EF54 /* OptionDelegate.h */,
				6311472D186E6C40003A3E02 /* SongCell.h */,
				6311472E186E6C40003A3E02 /* SongCell.m */,
				63875241185E51A30057AB92 /* SongJockey */,
				63875260185E51A30057AB92 /* SongJockeyTests */,
				6387523A185E51A30057AB92 /* Frameworks */,
				63875239185E51A30057AB92 /* Products */,
			);
			sourceTree = "<group>";
		};
		63875239185E51A30057AB92 /* Products */ = {
			isa = PBXGroup;
			children = (
				63875238185E51A30057AB92 /* SongJockey.app */,
				63875259185E51A30057AB92 /* SongJockeyTests.xctest */,
			);
			name = Products;
			sourceTree = "<group>";
		};
		6387523A185E51A30057AB92 /* Frameworks */ = {
			isa = PBXGroup;
			children = (
				63B160B1186F9B2600A2EF54 /* AVFoundation.framework */,
				6387523B185E51A30057AB92 /* Foundation.framework */,
				6387523D185E51A30057AB92 /* CoreGraphics.framework */,
				6387523F185E51A30057AB92 /* UIKit.framework */,
				6387525A185E51A30057AB92 /* XCTest.framework */,
			);
			name = Frameworks;
			sourceTree = "<group>";
		};
		63875241185E51A30057AB92 /* SongJockey */ = {
			isa = PBXGroup;
			children = (
				6387524A185E51A30057AB92 /* SongJockeyAppDelegate.h */,
				6387524B185E51A30057AB92 /* SongJockeyAppDelegate.m */,
				6387524D185E51A30057AB92 /* Main.storyboard */,
				63875250185E51A30057AB92 /* SongJockeyViewController.h */,
				63875251185E51A30057AB92 /* SongJockeyViewController.m */,
				63875253185E51A30057AB92 /* Images.xcassets */,
				63875242185E51A30057AB92 /* Supporting Files */,
				6311472B186E6BFE003A3E02 /* songcell.xib */,
			);
			path = SongJockey;
			sourceTree = "<group>";
		};
		63875242185E51A30057AB92 /* Supporting Files */ = {
			isa = PBXGroup;
			children = (
				63875243185E51A30057AB92 /* SongJockey-Info.plist */,
				63875244185E51A30057AB92 /* InfoPlist.strings */,
				63875247185E51A30057AB92 /* main.m */,
				63875249185E51A30057AB92 /* SongJockey-Prefix.pch */,
			);
			name = "Supporting Files";
			sourceTree = "<group>";
		};
		63875260185E51A30057AB92 /* SongJockeyTests */ = {
			isa = PBXGroup;
			children = (
				63875266185E51A30057AB92 /* SongJockeyTests.m */,
				63875261185E51A30057AB92 /* Supporting Files */,
			);
			path = SongJockeyTests;
			sourceTree = "<group>";
		};
		63875261185E51A30057AB92 /* Supporting Files */ = {
			isa = PBXGroup;
			children = (
				63875262185E51A30057AB92 /* SongJockeyTests-Info.plist */,
				63875263185E51A30057AB92 /* InfoPlist.strings */,
			);
			name = "Supporting Files";
			sourceTree = "<group>";
		};
		63B160C6188D9CD900A2EF54 /* SJPlayer */ = {
			isa = PBXGroup;
			children = (
				63B160BC188C1EA700A2EF54 /* SJPlaylists.h */,
				63B160BD188C1EA700A2EF54 /* SJPlaylists.m */,
				63B160B9188C1D0800A2EF54 /* SJConstants.h */,
				63B160BA188C1D0800A2EF54 /* SJConstants.m */,
				63B160B3186F9EED00A2EF54 /* SongJockeyPlayer.h */,
				63B160B4186F9EED00A2EF54 /* SongJockeyPlayer.m */,
				63B160C3188D9CC100A2EF54 /* SongJockeySong.m */,
				63B160C4188D9CC100A2EF54 /* SongJockeySong.h */,
			);
			name = SJPlayer;
			sourceTree = "<group>";
		};
/* End PBXGroup section */

/* Begin PBXNativeTarget section */
		63875237185E51A30057AB92 /* SongJockey */ = {
			isa = PBXNativeTarget;
			buildConfigurationList = 6387526A185E51A30057AB92 /* Build configuration list for PBXNativeTarget "SongJockey" */;
			buildPhases = (
				63875234185E51A30057AB92 /* Sources */,
				63875235185E51A30057AB92 /* Frameworks */,
				63875236185E51A30057AB92 /* Resources */,
			);
			buildRules = (
			);
			dependencies = (
			);
			name = SongJockey;
			productName = SongJockey;
			productReference = 63875238185E51A30057AB92 /* SongJockey.app */;
			productType = "com.apple.product-type.application";
		};
		63875258185E51A30057AB92 /* SongJockeyTests */ = {
			isa = PBXNativeTarget;
			buildConfigurationList = 6387526D185E51A30057AB92 /* Build configuration list for PBXNativeTarget "SongJockeyTests" */;
			buildPhases = (
				63875255185E51A30057AB92 /* Sources */,
				63875256185E51A30057AB92 /* Frameworks */,
				63875257185E51A30057AB92 /* Resources */,
			);
			buildRules = (
			);
			dependencies = (
				6387525F185E51A30057AB92 /* PBXTargetDependency */,
			);
			name = SongJockeyTests;
			productName = SongJockeyTests;
			productReference = 63875259185E51A30057AB92 /* SongJockeyTests.xctest */;
			productType = "com.apple.product-type.bundle.unit-test";
		};
/* End PBXNativeTarget section */

/* Begin PBXProject section */
		63875230185E51A30057AB92 /* Project object */ = {
			isa = PBXProject;
			attributes = {
				CLASSPREFIX = ohstarter;
				LastUpgradeCheck = 0500;
				ORGANIZATIONNAME = "John La Barge";
				TargetAttributes = {
					63875258185E51A30057AB92 = {
						TestTargetID = 63875237185E51A30057AB92;
					};
				};
			};
			buildConfigurationList = 63875233185E51A30057AB92 /* Build configuration list for PBXProject "SongJockey" */;
			compatibilityVersion = "Xcode 3.2";
			developmentRegion = English;
			hasScannedForEncodings = 0;
			knownRegions = (
				en,
				Base,
			);
			mainGroup = 6387522F185E51A30057AB92;
			productRefGroup = 63875239185E51A30057AB92 /* Products */;
			projectDirPath = "";
			projectRoot = "";
			targets = (
				63875237185E51A30057AB92 /* SongJockey */,
				63875258185E51A30057AB92 /* SongJockeyTests */,
			);
		};
/* End PBXProject section */

/* Begin PBXResourcesBuildPhase section */
		63875236185E51A30057AB92 /* Resources */ = {
			isa = PBXResourcesBuildPhase;
			buildActionMask = 2147483647;
			files = (
				6311472C186E6BFE003A3E02 /* songcell.xib in Resources */,
				63875254185E51A30057AB92 /* Images.xcassets in Resources */,
				63875246185E51A30057AB92 /* InfoPlist.strings in Resources */,
				6387524F185E51A30057AB92 /* Main.storyboard in Resources */,
			);
			runOnlyForDeploymentPostprocessing = 0;
		};
		63875257185E51A30057AB92 /* Resources */ = {
			isa = PBXResourcesBuildPhase;
			buildActionMask = 2147483647;
			files = (
				63875265185E51A30057AB92 /* InfoPlist.strings in Resources */,
			);
			runOnlyForDeploymentPostprocessing = 0;
		};
/* End PBXResourcesBuildPhase section */

/* Begin PBXSourcesBuildPhase section */
		63875234185E51A30057AB92 /* Sources */ = {
			isa = PBXSourcesBuildPhase;
			buildActionMask = 2147483647;
			files = (
				6311472F186E6C40003A3E02 /* SongCell.m in Sources */,
				63B160C5188D9CC100A2EF54 /* SongJockeySong.m in Sources */,
				63B160B5186F9EED00A2EF54 /* SongJockeyPlayer.m in Sources */,
				63B160C1188C358000A2EF54 /* PlaylistChooserViewController.m in Sources */,
				63B160BE188C1EA700A2EF54 /* SJPlaylists.m in Sources */,
				63875252185E51A30057AB92 /* SongJockeyViewController.m in Sources */,
				63875248185E51A30057AB92 /* main.m in Sources */,
				63B160BB188C1D0800A2EF54 /* SJConstants.m in Sources */,
				6387524C185E51A30057AB92 /* SongJockeyAppDelegate.m in Sources */,
			);
			runOnlyForDeploymentPostprocessing = 0;
		};
		63875255185E51A30057AB92 /* Sources */ = {
			isa = PBXSourcesBuildPhase;
			buildActionMask = 2147483647;
			files = (
				63875267185E51A30057AB92 /* SongJockeyTests.m in Sources */,
			);
			runOnlyForDeploymentPostprocessing = 0;
		};
/* End PBXSourcesBuildPhase section */

/* Begin PBXTargetDependency section */
		6387525F185E51A30057AB92 /* PBXTargetDependency */ = {
			isa = PBXTargetDependency;
			target = 63875237185E51A30057AB92 /* SongJockey */;
			targetProxy = 6387525E185E51A30057AB92 /* PBXContainerItemProxy */;
		};
/* End PBXTargetDependency section */

/* Begin PBXVariantGroup section */
		63875244185E51A30057AB92 /* InfoPlist.strings */ = {
			isa = PBXVariantGroup;
			children = (
				63875245185E51A30057AB92 /* en */,
			);
			name = InfoPlist.strings;
			sourceTree = "<group>";
		};
		6387524D185E51A30057AB92 /* Main.storyboard */ = {
			isa = PBXVariantGroup;
			children = (
				6387524E185E51A30057AB92 /* Base */,
			);
			name = Main.storyboard;
			sourceTree = "<group>";
		};
		63875263185E51A30057AB92 /* InfoPlist.strings */ = {
			isa = PBXVariantGroup;
			children = (
				63875264185E51A30057AB92 /* en */,
			);
			name = InfoPlist.strings;
			sourceTree = "<group>";
		};
/* End PBXVariantGroup section */

/* Begin XCBuildConfiguration section */
		63875268185E51A30057AB92 /* Debug */ = {
			isa = XCBuildConfiguration;
			buildSettings = {
				ALWAYS_SEARCH_USER_PATHS = NO;
				ARCHS = "$(ARCHS_STANDARD_INCLUDING_64_BIT)";
				CLANG_CXX_LANGUAGE_STANDARD = "gnu++0x";
				CLANG_CXX_LIBRARY = "libc++";
				CLANG_ENABLE_MODULES = YES;
				CLANG_ENABLE_OBJC_ARC = YES;
				CLANG_WARN_BOOL_CONVERSION = YES;
				CLANG_WARN_CONSTANT_CONVERSION = YES;
				CLANG_WARN_DIRECT_OBJC_ISA_USAGE = YES_ERROR;
				CLANG_WARN_EMPTY_BODY = YES;
				CLANG_WARN_ENUM_CONVERSION = YES;
				CLANG_WARN_INT_CONVERSION = YES;
				CLANG_WARN_OBJC_ROOT_CLASS = YES_ERROR;
				CLANG_WARN__DUPLICATE_METHOD_MATCH = YES;
				"CODE_SIGN_IDENTITY[sdk=iphoneos*]" = "iPhone Developer";
				COPY_PHASE_STRIP = NO;
				GCC_C_LANGUAGE_STANDARD = gnu99;
				GCC_DYNAMIC_NO_PIC = NO;
				GCC_OPTIMIZATION_LEVEL = 0;
				GCC_PREPROCESSOR_DEFINITIONS = (
					"DEBUG=1",
					"$(inherited)",
				);
				GCC_SYMBOLS_PRIVATE_EXTERN = NO;
				GCC_WARN_64_TO_32_BIT_CONVERSION = YES;
				GCC_WARN_ABOUT_RETURN_TYPE = YES_ERROR;
				GCC_WARN_UNDECLARED_SELECTOR = YES;
				GCC_WARN_UNINITIALIZED_AUTOS = YES;
				GCC_WARN_UNUSED_FUNCTION = YES;
				GCC_WARN_UNUSED_VARIABLE = YES;
				IPHONEOS_DEPLOYMENT_TARGET = 7.0;
				ONLY_ACTIVE_ARCH = YES;
				SDKROOT = iphoneos;
			};
			name = Debug;
		};
		63875269185E51A30057AB92 /* Release */ = {
			isa = XCBuildConfiguration;
			buildSettings = {
				ALWAYS_SEARCH_USER_PATHS = NO;
				ARCHS = "$(ARCHS_STANDARD_INCLUDING_64_BIT)";
				CLANG_CXX_LANGUAGE_STANDARD = "gnu++0x";
				CLANG_CXX_LIBRARY = "libc++";
				CLANG_ENABLE_MODULES = YES;
				CLANG_ENABLE_OBJC_ARC = YES;
				CLANG_WARN_BOOL_CONVERSION = YES;
				CLANG_WARN_CONSTANT_CONVERSION = YES;
				CLANG_WARN_DIRECT_OBJC_ISA_USAGE = YES_ERROR;
				CLANG_WARN_EMPTY_BODY = YES;
				CLANG_WARN_ENUM_CONVERSION = YES;
				CLANG_WARN_INT_CONVERSION = YES;
				CLANG_WARN_OBJC_ROOT_CLASS = YES_ERROR;
				CLANG_WARN__DUPLICATE_METHOD_MATCH = YES;
				"CODE_SIGN_IDENTITY[sdk=iphoneos*]" = "iPhone Developer";
				COPY_PHASE_STRIP = YES;
				ENABLE_NS_ASSERTIONS = NO;
				GCC_C_LANGUAGE_STANDARD = gnu99;
				GCC_WARN_64_TO_32_BIT_CONVERSION = YES;
				GCC_WARN_ABOUT_RETURN_TYPE = YES_ERROR;
				GCC_WARN_UNDECLARED_SELECTOR = YES;
				GCC_WARN_UNINITIALIZED_AUTOS = YES;
				GCC_WARN_UNUSED_FUNCTION = YES;
				GCC_WARN_UNUSED_VARIABLE = YES;
				IPHONEOS_DEPLOYMENT_TARGET = 7.0;
				SDKROOT = iphoneos;
				VALIDATE_PRODUCT = YES;
			};
			name = Release;
		};
		6387526B185E51A30057AB92 /* Debug */ = {
			isa = XCBuildConfiguration;
			buildSettings = {
				ASSETCATALOG_COMPILER_APPICON_NAME = AppIcon;
				ASSETCATALOG_COMPILER_LAUNCHIMAGE_NAME = LaunchImage;
				GCC_PRECOMPILE_PREFIX_HEADER = YES;
				GCC_PREFIX_HEADER = "SongJockey/SongJockey-Prefix.pch";
				INFOPLIST_FILE = "SongJockey/SongJockey-Info.plist";
				PRODUCT_NAME = "$(TARGET_NAME)";
				WRAPPER_EXTENSION = app;
			};
			name = Debug;
		};
		6387526C185E51A30057AB92 /* Release */ = {
			isa = XCBuildConfiguration;
			buildSettings = {
				ASSETCATALOG_COMPILER_APPICON_NAME = AppIcon;
				ASSETCATALOG_COMPILER_LAUNCHIMAGE_NAME = LaunchImage;
				GCC_PRECOMPILE_PREFIX_HEADER = YES;
				GCC_PREFIX_HEADER = "SongJockey/SongJockey-Prefix.pch";
				INFOPLIST_FILE = "SongJockey/SongJockey-Info.plist";
				PRODUCT_NAME = "$(TARGET_NAME)";
				WRAPPER_EXTENSION = app;
			};
			name = Release;
		};
		6387526E185E51A30057AB92 /* Debug */ = {
			isa = XCBuildConfiguration;
			buildSettings = {
				ARCHS = "$(ARCHS_STANDARD_INCLUDING_64_BIT)";
				BUNDLE_LOADER = "$(BUILT_PRODUCTS_DIR)/SongJockey.app/SongJockey";
				FRAMEWORK_SEARCH_PATHS = (
					"$(SDKROOT)/Developer/Library/Frameworks",
					"$(inherited)",
					"$(DEVELOPER_FRAMEWORKS_DIR)",
				);
				GCC_PRECOMPILE_PREFIX_HEADER = YES;
				GCC_PREFIX_HEADER = "SongJockey/SongJockey-Prefix.pch";
				GCC_PREPROCESSOR_DEFINITIONS = (
					"DEBUG=1",
					"$(inherited)",
				);
				INFOPLIST_FILE = "SongJockeyTests/SongJockeyTests-Info.plist";
				PRODUCT_NAME = "$(TARGET_NAME)";
				TEST_HOST = "$(BUNDLE_LOADER)";
				WRAPPER_EXTENSION = xctest;
			};
			name = Debug;
		};
		6387526F185E51A30057AB92 /* Release */ = {
			isa = XCBuildConfiguration;
			buildSettings = {
				ARCHS = "$(ARCHS_STANDARD_INCLUDING_64_BIT)";
				BUNDLE_LOADER = "$(BUILT_PRODUCTS_DIR)/SongJockey.app/SongJockey";
				FRAMEWORK_SEARCH_PATHS = (
					"$(SDKROOT)/Developer/Library/Frameworks",
					"$(inherited)",
					"$(DEVELOPER_FRAMEWORKS_DIR)",
				);
				GCC_PRECOMPILE_PREFIX_HEADER = YES;
				GCC_PREFIX_HEADER = "SongJockey/SongJockey-Prefix.pch";
				INFOPLIST_FILE = "SongJockeyTests/SongJockeyTests-Info.plist";
				PRODUCT_NAME = "$(TARGET_NAME)";
				TEST_HOST = "$(BUNDLE_LOADER)";
				WRAPPER_EXTENSION = xctest;
			};
			name = Release;
		};
/* End XCBuildConfiguration section */

/* Begin XCConfigurationList section */
		63875233185E51A30057AB92 /* Build configuration list for PBXProject "SongJockey" */ = {
			isa = XCConfigurationList;
			buildConfigurations = (
				63875268185E51A30057AB92 /* Debug */,
				63875269185E51A30057AB92 /* Release */,
			);
			defaultConfigurationIsVisible = 0;
			defaultConfigurationName = Release;
		};
		6387526A185E51A30057AB92 /* Build configuration list for PBXNativeTarget "SongJockey" */ = {
			isa = XCConfigurationList;
			buildConfigurations = (
				6387526B185E51A30057AB92 /* Debug */,
				6387526C185E51A30057AB92 /* Release */,
			);
			defaultConfigurationIsVisible = 0;
			defaultConfigurationName = Release;
		};
		6387526D185E51A30057AB92 /* Build configuration list for PBXNativeTarget "SongJockeyTests" */ = {
			isa = XCConfigurationList;
			buildConfigurations = (
				6387526E185E51A30057AB92 /* Debug */,
				6387526F185E51A30057AB92 /* Release */,
			);
			defaultConfigurationIsVisible = 0;
			defaultConfigurationName = Release;
		};
/* End XCConfigurationList section */
	};
	rootObject = 63875230185E51A30057AB92 /* Project object */;
}
